
Microsoft Visual Studio Solution File, Format Version 12.00
# Visual Studio Version 16
VisualStudioVersion = 16.0.31410.357
MinimumVisualStudioVersion = 10.0.40219.1
Project("{FAE04EC0-301F-11D3-BF4B-00C04F79EFBC}") = "ToolHireSystem", "ToolHireSystem\ToolHireSystem.csproj", "{1AD99790-8342-41C4-818B-114D23BE922E}"
EndProject
Global
	GlobalSection(SolutionConfigurationPlatforms) = preSolution
		Debug|Any CPU = Debug|Any CPU
		Release|Any CPU = Release|Any CPU
	EndGlobalSection
	GlobalSection(ProjectConfigurationPlatforms) = postSolution
		{1AD99790-8342-41C4-818B-114D23BE922E}.Debug|Any CPU.ActiveCfg = Debug|Any CPU
		{1AD99790-8342-41C4-818B-114D23BE922E}.Debug|Any CPU.Build.0 = Debug|Any CPU
		{1AD99790-8342-41C4-818B-114D23BE922E}.Release|Any CPU.ActiveCfg = Release|Any CPU
		{1AD99790-8342-41C4-818B-114D23BE922E}.Release|Any CPU.Build.0 = Release|Any CPU
	EndGlobalSection
	GlobalSection(SolutionProperties) = preSolution
		HideSolutionNode = FALSE
	EndGlobalSection
	GlobalSection(ExtensibilityGlobals) = postSolution
		SolutionGuid = {19D05505-3572-4418-879F-2C9CB23694F8}
	EndGlobalSection
EndGlobal
